// !$*UTF8*$!
{
	archiveVersion = 1;
	classes = {
	};
	objectVersion = 39;
	objects = {
		014CEA460018CE2711CA2923 = {
			buildRules = (
			);
			buildSettings = {
				COPY_PHASE_STRIP = NO;
				GCC_DYNAMIC_NO_PIC = NO;
				GCC_ENABLE_FIX_AND_CONTINUE = YES;
				GCC_GENERATE_DEBUGGING_SYMBOLS = YES;
				GCC_OPTIMIZATION_LEVEL = 0;
				OPTIMIZATION_CFLAGS = "-O0";
				ZERO_LINK = YES;
			};
			isa = PBXBuildStyle;
			name = Development;
		};
		014CEA470018CE2711CA2923 = {
			buildRules = (
			);
			buildSettings = {
				COPY_PHASE_STRIP = YES;
				GCC_ENABLE_FIX_AND_CONTINUE = NO;
				ZERO_LINK = NO;
			};
			isa = PBXBuildStyle;
			name = Deployment;
		};
//010
//011
//012
//013
//014
//020
//021
//022
//023
//024
		0249A660FF388D4511CA2CEA = {
			explicitFileType = "compiled.mach-o.executable";
			fallbackIsa = PBXFileReference;
			isa = PBXExecutableFileReference;
			path = dagora;
			refType = 3;
			sourceTree = BUILT_PRODUCTS_DIR;
		};
		0249A662FF388D9811CA2CEA = {
			children = (
				0249A663FF388D9811CA2CEA,
			);
			isa = PBXGroup;
			name = "External Frameworks and Libraries";
			refType = 4;
			sourceTree = "<group>";
		};
		0249A663FF388D9811CA2CEA = {
			isa = PBXFileReference;
			lastKnownFileType = archive.ar;
			name = "libstdc++.a";
			path = "/usr/lib/libstdc++.a";
			refType = 0;
			sourceTree = "<absolute>";
		};
		0249A664FF388D9811CA2CEA = {
			fileRef = 0249A663FF388D9811CA2CEA;
			isa = PBXBuildFile;
			settings = {
			};
		};
//020
//021
//022
//023
//024
//080
//081
//082
//083
//084
		08FB7793FE84155DC02AAC07 = {
			buildSettings = {
			};
			buildStyles = (
				014CEA460018CE2711CA2923,
				014CEA470018CE2711CA2923,
			);
			hasScannedForEncodings = 1;
			isa = PBXProject;
			mainGroup = 08FB7794FE84155DC02AAC07;
			projectDirPath = "";
			targets = (
				08FB779FFE84155DC02AAC07,
			);
		};
		08FB7794FE84155DC02AAC07 = {
			children = (
				08FB7795FE84155DC02AAC07,
				0249A662FF388D9811CA2CEA,
				1AB674ADFE9D54B511CA2CBB,
				F51799BA040D9788019B4293,
			);
			isa = PBXGroup;
			name = dagora;
			refType = 4;
			sourceTree = "<group>";
		};
		08FB7795FE84155DC02AAC07 = {
			children = (
				F585CFB7040C5908012726D5,
				F509E50F040EDC2601BD227B,
				F50243BD04117A3D01C47EBC,
				F5FF528B04F57668017E3521,
				F501EF000444BBC001B31200,
				F54259160465D00D019B65C3,
				08FB7796FE84155DC02AAC07,
				F51799BF040D9B86019B4293,
				F51799C0040D9B86019B4293,
			);
			isa = PBXGroup;
			name = Source;
			refType = 4;
			sourceTree = "<group>";
		};
		08FB7796FE84155DC02AAC07 = {
			fileEncoding = 30;
			isa = PBXFileReference;
			lastKnownFileType = sourcecode.cpp.cpp;
			path = main.cpp;
			refType = 4;
			sourceTree = "<group>";
		};
		08FB779FFE84155DC02AAC07 = {
			buildPhases = (
				08FB77A0FE84155DC02AAC07,
				08FB77A1FE84155DC02AAC07,
				08FB77A3FE84155DC02AAC07,
				08FB77A5FE84155DC02AAC07,
			);
			buildSettings = {
				FRAMEWORK_SEARCH_PATHS = "";
				HEADER_SEARCH_PATHS = "";
				INSTALL_PATH = "$(HOME)/bin";
				LIBRARY_SEARCH_PATHS = "";
				OTHER_CFLAGS = "";
				OTHER_LDFLAGS = "";
				OTHER_REZFLAGS = "";
				PRODUCT_NAME = dagora;
				REZ_EXECUTABLE = YES;
				SECTORDER_FLAGS = "";
				WARNING_CFLAGS = "-Wmost -Wno-four-char-constants -Wno-unknown-pragmas";
			};
			dependencies = (
			);
			isa = PBXToolTarget;
			name = dagora;
			productInstallPath = "$(HOME)/bin";
			productName = dagora;
			productReference = 0249A660FF388D4511CA2CEA;
		};
		08FB77A0FE84155DC02AAC07 = {
			buildActionMask = 2147483647;
			files = (
				F585CFB5040C58E0012726D5,
				F585CFBA040C5CB6012726D5,
				F51799B8040D9754019B4293,
				F509E50D040EDB2001BD227B,
				F509E512040EDC2601BD227B,
				F509E516040EE18C01BD227B,
				F5F5009B0416A4DF01282EAC,
				F56EBDBC04238C6D01D0A493,
				F56D42CD043BCA97013D174B,
				F5566FE204423E4B011AA45B,
				F5044D0304461E2C011107BD,
				F5F6CFA704475D5101EF0E64,
				F5F5AFFB045F23A601236AB3,
				F5FA0ACE046720E501E306AD,
				F5FF529104F57990017E3521,
				F5C11C000517BB5201250D57,
				F5FA6950051F8EC0019E163F,
				F53DE3560530FE9601B21991,
				F5A9D80705323EB0017C4866,
				F5A9D80A0532405F017C4866,
				F500625C053F65A201DC41B5,
			);
			isa = PBXHeadersBuildPhase;
			runOnlyForDeploymentPostprocessing = 0;
		};
		08FB77A1FE84155DC02AAC07 = {
			buildActionMask = 2147483647;
			files = (
				08FB77A2FE84155DC02AAC07,
				F585CFB6040C58E1012726D5,
				F585CFBB040C5CB6012726D5,
				F51799B9040D9754019B4293,
				F509E50E040EDB2001BD227B,
				F509E517040EE18C01BD227B,
				F5F5009C0416A4DF01282EAC,
				F56D42CE043BCA97013D174B,
				F5566FE304423E4B011AA45B,
				F5044D0404461E2C011107BD,
				F5F6CFA804475D5101EF0E64,
				F525151E045ADA7B01A781A9,
				F5F5AFFC045F23A601236AB3,
				F5FF41030479433201B1536B,
				F5FF529204F57990017E3521,
				F5C11C010517BB5201250D57,
				F5FA6951051F8EC0019E163F,
				F53DE3570530FE9601B21991,
				F500625D053F65A201DC41B5,
			);
			isa = PBXSourcesBuildPhase;
			runOnlyForDeploymentPostprocessing = 0;
		};
		08FB77A2FE84155DC02AAC07 = {
			fileRef = 08FB7796FE84155DC02AAC07;
			isa = PBXBuildFile;
			settings = {
				ATTRIBUTES = (
				);
			};
		};
		08FB77A3FE84155DC02AAC07 = {
			buildActionMask = 2147483647;
			files = (
				0249A664FF388D9811CA2CEA,
			);
			isa = PBXFrameworksBuildPhase;
			runOnlyForDeploymentPostprocessing = 0;
		};
		08FB77A5FE84155DC02AAC07 = {
			buildActionMask = 2147483647;
			files = (
			);
			isa = PBXRezBuildPhase;
			runOnlyForDeploymentPostprocessing = 0;
		};
//080
//081
//082
//083
//084
//1A0
//1A1
//1A2
//1A3
//1A4
		1AB674ADFE9D54B511CA2CBB = {
			children = (
				0249A660FF388D4511CA2CEA,
			);
			isa = PBXGroup;
			name = Products;
			refType = 4;
			sourceTree = "<group>";
		};
//1A0
//1A1
//1A2
//1A3
//1A4
//F50
//F51
//F52
//F53
//F54
		F500625A053F65A101DC41B5 = {
			fileEncoding = 30;
			isa = PBXFileReference;
			lastKnownFileType = sourcecode.c.h;
			path = dgclassleveldata.h;
			refType = 4;
			sourceTree = "<group>";
		};
		F500625B053F65A101DC41B5 = {
			fileEncoding = 30;
			isa = PBXFileReference;
			lastKnownFileType = sourcecode.cpp.cpp;
			path = dgclassleveldata.cpp;
			refType = 4;
			sourceTree = "<group>";
		};
		F500625C053F65A201DC41B5 = {
			fileRef = F500625A053F65A101DC41B5;
			isa = PBXBuildFile;
			settings = {
			};
		};
		F500625D053F65A201DC41B5 = {
			fileRef = F500625B053F65A101DC41B5;
			isa = PBXBuildFile;
			settings = {
			};
		};
		F501EF000444BBC001B31200 = {
			children = (
				F5F6CFA504475D5101EF0E64,
				F5F6CFA604475D5101EF0E64,
			);
			isa = PBXGroup;
			name = Team;
			path = "";
			refType = 4;
			sourceTree = "<group>";
		};
		F50243BD04117A3D01C47EBC = {
			children = (
				F53DE3530530FDC201B21991,
				F56D42CB043BCA97013D174B,
				F56D42CC043BCA97013D174B,
				F5FA7A51043CEB880144E17C,
				F5FA7A52043CEB880144E17C,
				F56D42BF043BB1D1013D174B,
				F56D42C0043BB1D1013D174B,
				F5C11BFE0517BB5201250D57,
				F5C11BFF0517BB5201250D57,
			);
			isa = PBXGroup;
			name = Character;
			path = "";
			refType = 4;
			sourceTree = "<group>";
		};
		F5044D0304461E2C011107BD = {
			fileRef = F56D42BF043BB1D1013D174B;
			isa = PBXBuildFile;
			settings = {
			};
		};
		F5044D0404461E2C011107BD = {
			fileRef = F56D42C0043BB1D1013D174B;
			isa = PBXBuildFile;
			settings = {
			};
		};
		F509E50B040EDB2001BD227B = {
			fileEncoding = 30;
			isa = PBXFileReference;
			lastKnownFileType = sourcecode.c.h;
			path = dgitemhandle.h;
			refType = 4;
			sourceTree = "<group>";
		};
		F509E50C040EDB2001BD227B = {
			fileEncoding = 30;
			isa = PBXFileReference;
			lastKnownFileType = sourcecode.cpp.cpp;
			path = dgitemhandle.cpp;
			refType = 4;
			sourceTree = "<group>";
		};
		F509E50D040EDB2001BD227B = {
			fileRef = F509E50B040EDB2001BD227B;
			isa = PBXBuildFile;
			settings = {
			};
		};
		F509E50E040EDB2001BD227B = {
			fileRef = F509E50C040EDB2001BD227B;
			isa = PBXBuildFile;
			settings = {
			};
		};
		F509E50F040EDC2601BD227B = {
			children = (
				F509E50B040EDB2001BD227B,
				F509E50C040EDB2001BD227B,
				F509E510040EDC2601BD227B,
				F509E511040EDC2601BD227B,
			);
			isa = PBXGroup;
			name = Item;
			refType = 4;
			sourceTree = "<group>";
		};
		F509E510040EDC2601BD227B = {
			fileEncoding = 30;
			isa = PBXFileReference;
			lastKnownFileType = sourcecode.c.h;
			path = dgitem.h;
			refType = 4;
			sourceTree = "<group>";
		};
		F509E511040EDC2601BD227B = {
			fileEncoding = 30;
			isa = PBXFileReference;
			lastKnownFileType = sourcecode.cpp.cpp;
			path = dgitem.cpp;
			refType = 4;
			sourceTree = "<group>";
		};
		F509E512040EDC2601BD227B = {
			fileRef = F509E510040EDC2601BD227B;
			isa = PBXBuildFile;
			settings = {
			};
		};
		F509E514040EE18C01BD227B = {
			fileEncoding = 30;
			isa = PBXFileReference;
			lastKnownFileType = sourcecode.c.h;
			path = dgweapon.h;
			refType = 4;
			sourceTree = "<group>";
		};
		F509E515040EE18C01BD227B = {
			fileEncoding = 30;
			isa = PBXFileReference;
			lastKnownFileType = sourcecode.cpp.cpp;
			path = dgweapon.cpp;
			refType = 4;
			sourceTree = "<group>";
		};
		F509E516040EE18C01BD227B = {
			fileRef = F509E514040EE18C01BD227B;
			isa = PBXBuildFile;
			settings = {
			};
		};
		F509E517040EE18C01BD227B = {
			fileRef = F509E515040EE18C01BD227B;
			isa = PBXBuildFile;
			settings = {
			};
		};
		F51799B6040D9754019B4293 = {
			fileEncoding = 30;
			isa = PBXFileReference;
			lastKnownFileType = sourcecode.c.h;
			path = dgtypehandle.h;
			refType = 4;
			sourceTree = "<group>";
		};
		F51799B7040D9754019B4293 = {
			fileEncoding = 30;
			isa = PBXFileReference;
			lastKnownFileType = sourcecode.cpp.cpp;
			path = dgtypehandle.cpp;
			refType = 4;
			sourceTree = "<group>";
		};
		F51799B8040D9754019B4293 = {
			fileRef = F51799B6040D9754019B4293;
			isa = PBXBuildFile;
			settings = {
			};
		};
		F51799B9040D9754019B4293 = {
			fileRef = F51799B7040D9754019B4293;
			isa = PBXBuildFile;
			settings = {
			};
		};
		F51799BA040D9788019B4293 = {
			fileEncoding = 30;
			isa = PBXFileReference;
			lastKnownFileType = text;
			path = readme.txt;
			refType = 4;
			sourceTree = "<group>";
		};
		F51799BF040D9B86019B4293 = {
			fileEncoding = 30;
			isa = PBXFileReference;
			lastKnownFileType = sourcecode.c.h;
			path = dginit.h;
			refType = 4;
			sourceTree = "<group>";
		};
		F51799C0040D9B86019B4293 = {
			fileEncoding = 30;
			isa = PBXFileReference;
			lastKnownFileType = sourcecode.cpp.cpp;
			path = dginit.cpp;
			refType = 4;
			sourceTree = "<group>";
		};
		F525151E045ADA7B01A781A9 = {
			fileRef = F509E511040EDC2601BD227B;
			isa = PBXBuildFile;
			settings = {
			};
		};
		F53DE3530530FDC201B21991 = {
			children = (
				F53DE3540530FE9601B21991,
				F53DE3550530FE9601B21991,
				F500625A053F65A101DC41B5,
				F500625B053F65A101DC41B5,
				F509E514040EE18C01BD227B,
				F509E515040EE18C01BD227B,
			);
			isa = PBXGroup;
			name = AddOns;
			path = "";
			refType = 4;
			sourceTree = "<group>";
		};
		F53DE3540530FE9601B21991 = {
			fileEncoding = 30;
			isa = PBXFileReference;
			lastKnownFileType = sourcecode.c.h;
			path = dgclass.h;
			refType = 4;
			sourceTree = "<group>";
		};
		F53DE3550530FE9601B21991 = {
			fileEncoding = 30;
			isa = PBXFileReference;
			lastKnownFileType = sourcecode.cpp.cpp;
			path = dgclass.cpp;
			refType = 4;
			sourceTree = "<group>";
		};
		F53DE3560530FE9601B21991 = {
			fileRef = F53DE3540530FE9601B21991;
			isa = PBXBuildFile;
			settings = {
			};
		};
		F53DE3570530FE9601B21991 = {
			fileRef = F53DE3550530FE9601B21991;
			isa = PBXBuildFile;
			settings = {
			};
		};
		F54259160465D00D019B65C3 = {
			children = (
				F5F5AFF9045F23A601236AB3,
				F5F5AFFA045F23A601236AB3,
				F5FA0ACD046720E501E306AD,
				F5FF41020479433201B1536B,
			);
			isa = PBXGroup;
			name = Battle;
			path = "";
			refType = 4;
			sourceTree = "<group>";
		};
		F5566FE204423E4B011AA45B = {
			fileRef = F5FA7A51043CEB880144E17C;
			isa = PBXBuildFile;
			settings = {
			};
		};
		F5566FE304423E4B011AA45B = {
			fileRef = F5FA7A52043CEB880144E17C;
			isa = PBXBuildFile;
			settings = {
			};
		};
		F56D42BF043BB1D1013D174B = {
			fileEncoding = 30;
			isa = PBXFileReference;
			lastKnownFileType = sourcecode.c.h;
			path = dgdemi.h;
			refType = 4;
			sourceTree = "<group>";
		};
		F56D42C0043BB1D1013D174B = {
			fileEncoding = 30;
			isa = PBXFileReference;
			lastKnownFileType = sourcecode.cpp.cpp;
			path = dgdemi.cpp;
			refType = 4;
			sourceTree = "<group>";
		};
		F56D42CB043BCA97013D174B = {
			fileEncoding = 30;
			isa = PBXFileReference;
			lastKnownFileType = sourcecode.c.h;
			path = dgcharacter.h;
			refType = 4;
			sourceTree = "<group>";
		};
		F56D42CC043BCA97013D174B = {
			fileEncoding = 30;
			isa = PBXFileReference;
			lastKnownFileType = sourcecode.cpp.cpp;
			path = dgcharacter.cpp;
			refType = 4;
			sourceTree = "<group>";
		};
		F56D42CD043BCA97013D174B = {
			fileRef = F56D42CB043BCA97013D174B;
			isa = PBXBuildFile;
			settings = {
			};
		};
		F56D42CE043BCA97013D174B = {
			fileRef = F56D42CC043BCA97013D174B;
			isa = PBXBuildFile;
			settings = {
			};
		};
		F56EBDBA04238C6D01D0A493 = {
			fileEncoding = 30;
			isa = PBXFileReference;
			lastKnownFileType = sourcecode.c.h;
			path = dgintelligence.h;
			refType = 4;
			sourceTree = "<group>";
		};
		F56EBDBC04238C6D01D0A493 = {
			fileRef = F56EBDBA04238C6D01D0A493;
			isa = PBXBuildFile;
			settings = {
			};
		};
		F585CFB3040C58E0012726D5 = {
			fileEncoding = 30;
			isa = PBXFileReference;
			lastKnownFileType = sourcecode.c.h;
			path = dgattackhandle.h;
			refType = 4;
			sourceTree = "<group>";
		};
		F585CFB4040C58E0012726D5 = {
			fileEncoding = 30;
			isa = PBXFileReference;
			lastKnownFileType = sourcecode.cpp.cpp;
			path = dgattackhandle.cpp;
			refType = 4;
			sourceTree = "<group>";
		};
		F585CFB5040C58E0012726D5 = {
			fileRef = F585CFB3040C58E0012726D5;
			isa = PBXBuildFile;
			settings = {
			};
		};
		F585CFB6040C58E1012726D5 = {
			fileRef = F585CFB4040C58E0012726D5;
			isa = PBXBuildFile;
			settings = {
			};
		};
		F585CFB7040C5908012726D5 = {
			children = (
				F585CFB8040C5CB6012726D5,
				F585CFB9040C5CB6012726D5,
				F585CFB3040C58E0012726D5,
				F585CFB4040C58E0012726D5,
				F51799B6040D9754019B4293,
				F51799B7040D9754019B4293,
			);
			isa = PBXGroup;
			name = Attack;
			refType = 4;
			sourceTree = "<group>";
		};
		F585CFB8040C5CB6012726D5 = {
			fileEncoding = 30;
			isa = PBXFileReference;
			lastKnownFileType = sourcecode.c.h;
			path = dgattack.h;
			refType = 4;
			sourceTree = "<group>";
		};
		F585CFB9040C5CB6012726D5 = {
			fileEncoding = 30;
			isa = PBXFileReference;
			lastKnownFileType = sourcecode.cpp.cpp;
			path = dgattack.cpp;
			refType = 4;
			sourceTree = "<group>";
		};
		F585CFBA040C5CB6012726D5 = {
			fileRef = F585CFB8040C5CB6012726D5;
			isa = PBXBuildFile;
			settings = {
			};
		};
		F585CFBB040C5CB6012726D5 = {
			fileRef = F585CFB9040C5CB6012726D5;
			isa = PBXBuildFile;
			settings = {
			};
		};
		F5A9D80505323EB0017C4866 = {
			fileEncoding = 30;
			isa = PBXFileReference;
			lastKnownFileType = sourcecode.c.h;
			path = dgplayableintel.h;
			refType = 4;
			sourceTree = "<group>";
		};
		F5A9D80705323EB0017C4866 = {
			fileRef = F5A9D80505323EB0017C4866;
			isa = PBXBuildFile;
			settings = {
			};
		};
		F5A9D8090532405F017C4866 = {
			fileEncoding = 30;
			isa = PBXFileReference;
			lastKnownFileType = sourcecode.c.h;
			path = dgsummonsintel.h;
			refType = 4;
			sourceTree = "<group>";
		};
		F5A9D80A0532405F017C4866 = {
			fileRef = F5A9D8090532405F017C4866;
			isa = PBXBuildFile;
			settings = {
			};
		};
		F5A9D80B053240AE017C4866 = {
			children = (
				F5A9D80505323EB0017C4866,
				F5FF528F04F57990017E3521,
				F5FF529004F57990017E3521,
			);
			isa = PBXGroup;
			name = Playable;
			refType = 4;
			sourceTree = "<group>";
		};
		F5A9D80C053240AE017C4866 = {
			children = (
				F5A9D8090532405F017C4866,
				F5FA694E051F8EC0019E163F,
				F5FA694F051F8EC0019E163F,
			);
			isa = PBXGroup;
			name = Summons;
			path = "";
			refType = 4;
			sourceTree = "<group>";
		};
		F5C11BFE0517BB5201250D57 = {
			fileEncoding = 30;
			isa = PBXFileReference;
			lastKnownFileType = sourcecode.c.h;
			path = dgsummons.h;
			refType = 4;
			sourceTree = "<group>";
		};
		F5C11BFF0517BB5201250D57 = {
			fileEncoding = 30;
			isa = PBXFileReference;
			lastKnownFileType = sourcecode.cpp.cpp;
			path = dgsummons.cpp;
			refType = 4;
			sourceTree = "<group>";
		};
		F5C11C000517BB5201250D57 = {
			fileRef = F5C11BFE0517BB5201250D57;
			isa = PBXBuildFile;
			settings = {
			};
		};
		F5C11C010517BB5201250D57 = {
			fileRef = F5C11BFF0517BB5201250D57;
			isa = PBXBuildFile;
			settings = {
			};
		};
		F5F5009B0416A4DF01282EAC = {
			fileRef = F51799BF040D9B86019B4293;
			isa = PBXBuildFile;
			settings = {
			};
		};
		F5F5009C0416A4DF01282EAC = {
			fileRef = F51799C0040D9B86019B4293;
			isa = PBXBuildFile;
			settings = {
			};
		};
		F5F5AFF9045F23A601236AB3 = {
			fileEncoding = 30;
			isa = PBXFileReference;
			lastKnownFileType = sourcecode.c.h;
			path = dgbattle.h;
			refType = 4;
			sourceTree = "<group>";
		};
		F5F5AFFA045F23A601236AB3 = {
			fileEncoding = 30;
			isa = PBXFileReference;
			lastKnownFileType = sourcecode.cpp.cpp;
			path = dgbattle.cpp;
			refType = 4;
			sourceTree = "<group>";
		};
		F5F5AFFB045F23A601236AB3 = {
			fileRef = F5F5AFF9045F23A601236AB3;
			isa = PBXBuildFile;
			settings = {
			};
		};
		F5F5AFFC045F23A601236AB3 = {
			fileRef = F5F5AFFA045F23A601236AB3;
			isa = PBXBuildFile;
			settings = {
			};
		};
		F5F6CFA504475D5101EF0E64 = {
			fileEncoding = 30;
			isa = PBXFileReference;
			lastKnownFileType = sourcecode.c.h;
			path = dgteam.h;
			refType = 4;
			sourceTree = "<group>";
		};
		F5F6CFA604475D5101EF0E64 = {
			fileEncoding = 30;
			isa = PBXFileReference;
			lastKnownFileType = sourcecode.cpp.cpp;
			path = dgteam.cpp;
			refType = 4;
			sourceTree = "<group>";
		};
		F5F6CFA704475D5101EF0E64 = {
			fileRef = F5F6CFA504475D5101EF0E64;
			isa = PBXBuildFile;
			settings = {
			};
		};
		F5F6CFA804475D5101EF0E64 = {
			fileRef = F5F6CFA604475D5101EF0E64;
			isa = PBXBuildFile;
			settings = {
			};
		};
		F5FA0ACD046720E501E306AD = {
			fileEncoding = 30;
			isa = PBXFileReference;
			lastKnownFileType = sourcecode.c.h;
			path = dgcommand.h;
			refType = 4;
			sourceTree = "<group>";
		};
		F5FA0ACE046720E501E306AD = {
			fileRef = F5FA0ACD046720E501E306AD;
			isa = PBXBuildFile;
			settings = {
			};
		};
		F5FA694E051F8EC0019E163F = {
			fileEncoding = 30;
			isa = PBXFileReference;
			lastKnownFileType = sourcecode.c.h;
			path = dghumansummonsintel.h;
			refType = 4;
			sourceTree = "<group>";
		};
		F5FA694F051F8EC0019E163F = {
			fileEncoding = 30;
			isa = PBXFileReference;
			lastKnownFileType = sourcecode.cpp.cpp;
			path = dghumansummonsintel.cpp;
			refType = 4;
			sourceTree = "<group>";
		};
		F5FA6950051F8EC0019E163F = {
			fileRef = F5FA694E051F8EC0019E163F;
			isa = PBXBuildFile;
			settings = {
			};
		};
		F5FA6951051F8EC0019E163F = {
			fileRef = F5FA694F051F8EC0019E163F;
			isa = PBXBuildFile;
			settings = {
			};
		};
		F5FA7A51043CEB880144E17C = {
			fileEncoding = 30;
			isa = PBXFileReference;
			lastKnownFileType = sourcecode.c.h;
			path = dgplayable.h;
			refType = 4;
			sourceTree = "<group>";
		};
		F5FA7A52043CEB880144E17C = {
			fileEncoding = 30;
			isa = PBXFileReference;
			lastKnownFileType = sourcecode.cpp.cpp;
			path = dgplayable.cpp;
			refType = 4;
			sourceTree = "<group>";
		};
		F5FF41020479433201B1536B = {
			fileEncoding = 30;
			isa = PBXFileReference;
			lastKnownFileType = sourcecode.cpp.cpp;
			path = dgcommand.cpp;
			refType = 4;
			sourceTree = "<group>";
		};
		F5FF41030479433201B1536B = {
			fileRef = F5FF41020479433201B1536B;
			isa = PBXBuildFile;
			settings = {
			};
		};
		F5FF528B04F57668017E3521 = {
			children = (
				F56EBDBA04238C6D01D0A493,
				F5A9D80B053240AE017C4866,
				F5A9D80C053240AE017C4866,
			);
			isa = PBXGroup;
			name = Intelligence;
			path = "";
			refType = 4;
			sourceTree = "<group>";
		};
		F5FF528F04F57990017E3521 = {
			fileEncoding = 30;
			isa = PBXFileReference;
			lastKnownFileType = sourcecode.c.h;
			path = dghumanplayableintel.h;
			refType = 4;
			sourceTree = "<group>";
		};
		F5FF529004F57990017E3521 = {
			fileEncoding = 30;
			isa = PBXFileReference;
			lastKnownFileType = sourcecode.cpp.cpp;
			path = dghumanplayableintel.cpp;
			refType = 4;
			sourceTree = "<group>";
		};
		F5FF529104F57990017E3521 = {
			fileRef = F5FF528F04F57990017E3521;
			isa = PBXBuildFile;
			settings = {
			};
		};
		F5FF529204F57990017E3521 = {
			fileRef = F5FF529004F57990017E3521;
			isa = PBXBuildFile;
			settings = {
			};
		};
	};
	rootObject = 08FB7793FE84155DC02AAC07;
}
